# generated by rye
# use `rye lock` or `rye sync` to update this lockfile
#
# last locked with the following flags:
#   pre: false
#   features: []
#   all-features: false
#   with-sources: false
#   generate-hashes: false

-e file:.
alabaster==0.7.16
    # via sphinx
babel==2.15.0
    # via sphinx
certifi==2024.6.2
    # via requests
charset-normalizer==3.3.2
    # via requests
colorama==0.4.6
    # via sphinx
docutils==0.21.2
    # via sphinx
idna==3.7
    # via requests
imagesize==1.4.1
    # via sphinx
jinja2==3.1.4
    # via sphinx
markupsafe==2.1.5
    # via jinja2
numpy==1.26.4
    # via atat
    # via pandas
packaging==24.0
    # via sphinx
pandas==2.2.2
    # via atat
pygments==2.18.0
    # via sphinx
python-dateutil==2.9.0.post0
    # via pandas
pytz==2024.1
    # via pandas
requests==2.32.3
    # via sphinx
six==1.16.0
    # via python-dateutil
snowballstemmer==2.2.0
    # via sphinx
sphinx==7.3.7
    # via atat
sphinxcontrib-applehelp==1.0.8
    # via sphinx
sphinxcontrib-devhelp==1.0.6
    # via sphinx
sphinxcontrib-htmlhelp==2.0.5
    # via sphinx
sphinxcontrib-jsmath==1.0.1
    # via sphinx
sphinxcontrib-qthelp==1.0.7
    # via sphinx
sphinxcontrib-serializinghtml==1.1.10
    # via sphinx
tzdata==2024.1
    # via pandas
urllib3==2.2.1
    # via requests
